{
  "lockfile_version": "1",
  "packages": {
    "docker-compose@2.21.0": {
      "last_modified": "2023-09-27T18:02:17Z",
      "resolved": "github:NixOS/nixpkgs/517501bcf14ae6ec47efd6a17dda0ca8e6d866f9#docker-compose",
      "source": "devbox-search",
      "version": "2.21.0",
      "systems": {
        "aarch64-darwin": {
          "store_path": "/nix/store/0b8pr63npfilr122amnsagzbs30lk420-docker-compose-2.21.0"
        },
        "aarch64-linux": {
          "store_path": "/nix/store/z37mm1r5g0z56y3m96rsyz4m7k8rahni-docker-compose-2.21.0"
        },
        "x86_64-darwin": {
          "store_path": "/nix/store/nhgkwsjhiij70agznpbhx5mh1a1v2mjy-docker-compose-2.21.0"
        },
        "x86_64-linux": {
          "store_path": "/nix/store/n2vg8v76r9izwilsggrn6szdq15jjl7n-docker-compose-2.21.0"
        }
      }
    }
  }
}
